
Microsoft Visual Studio Solution File, Format Version 12.00
# Visual Studio 15
VisualStudioVersion = 15.0.28307.106
MinimumVisualStudioVersion = 10.0.40219.1
Project("{9A19103F-16F7-4668-BE54-9A1E7A4F7556}") = "AlphaRest", "AlphaRest.csproj", "{60AF4E67-9CB4-42B9-8260-F9AB59605776}"
EndProject
Global
	GlobalSection(SolutionConfigurationPlatforms) = preSolution
		Debug|Any CPU = Debug|Any CPU
		Release|Any CPU = Release|Any CPU
	EndGlobalSection
	GlobalSection(ProjectConfigurationPlatforms) = postSolution
		{60AF4E67-9CB4-42B9-8260-F9AB59605776}.Debug|Any CPU.ActiveCfg = Debug|Any CPU
		{60AF4E67-9CB4-42B9-8260-F9AB59605776}.Debug|Any CPU.Build.0 = Debug|Any CPU
		{60AF4E67-9CB4-42B9-8260-F9AB59605776}.Release|Any CPU.ActiveCfg = Release|Any CPU
		{60AF4E67-9CB4-42B9-8260-F9AB59605776}.Release|Any CPU.Build.0 = Release|Any CPU
	EndGlobalSection
	GlobalSection(SolutionProperties) = preSolution
		HideSolutionNode = FALSE
	EndGlobalSection
	GlobalSection(ExtensibilityGlobals) = postSolution
		SolutionGuid = {7B8BF9C3-9BF0-441D-A115-173C613825F4}
	EndGlobalSection
EndGlobal
